
Microsoft Visual Studio Solution File, Format Version 11.00
# Visual Studio 2010
Project("{2150E333-8FDC-42A3-9474-1A3956D46DE8}") = "Solution Items", "Solution Items", "{1F1648A7-FD88-4016-82DB-35E25BCBB038}"
	ProjectSection(SolutionItems) = preProject
		GitTfs.vsmdi = GitTfs.vsmdi
		GitTfs1.vsmdi = GitTfs1.vsmdi
		LocalTestRun.testrunconfig = LocalTestRun.testrunconfig
		README = README
		TODO = TODO
	EndProjectSection
EndProject
Project("{FAE04EC0-301F-11D3-BF4B-00C04F79EFBC}") = "GitTfs", "GitTfs\GitTfs.csproj", "{55C169E0-93CC-488C-9885-1D4EAF4EA236}"
EndProject
Project("{FAE04EC0-301F-11D3-BF4B-00C04F79EFBC}") = "GitTfsTest", "GitTfsTest\GitTfsTest.csproj", "{DDFB4746-2BCE-4B34-8E45-056324CF140D}"
EndProject
Project("{FAE04EC0-301F-11D3-BF4B-00C04F79EFBC}") = "GitTfsBenchmarks", "GitTfsBenchmarks\GitTfsBenchmarks.csproj", "{7C7FEA7A-24A1-4834-9815-1DF980C340F3}"
EndProject
Project("{FAE04EC0-301F-11D3-BF4B-00C04F79EFBC}") = "GitTfs.Vs2008", "GitTfs.Vs2008\GitTfs.Vs2008.csproj", "{09BF8124-19A8-45BE-896B-536CA0F3F0FC}"
EndProject
Project("{FAE04EC0-301F-11D3-BF4B-00C04F79EFBC}") = "GitTfs.Vs2010", "GitTfs.Vs2010\GitTfs.Vs2010.csproj", "{C5A374D3-A2E1-407C-9D6D-541FDB53BD62}"
EndProject
Project("{FAE04EC0-301F-11D3-BF4B-00C04F79EFBC}") = "GitTfsTest.Vs2010", "GitTfsTest.Vs2010\GitTfsTest.Vs2010.csproj", "{B2BF1C1C-BB58-4DEF-BFEF-DE0D2FE2E8F7}"
EndProject
Project("{FAE04EC0-301F-11D3-BF4B-00C04F79EFBC}") = "GitTfs.VsFake", "GitTfs.VsFake\GitTfs.VsFake.csproj", "{20C411E8-49C7-11E1-A776-3FE84824019B}"
EndProject
Project("{FAE04EC0-301F-11D3-BF4B-00C04F79EFBC}") = "GitTfs.Vs11", "GitTfs.Vs11\GitTfs.Vs11.csproj", "{699CE23D-8BBD-4C15-82E9-7A628ACCA4C6}"
EndProject
Project("{FAE04EC0-301F-11D3-BF4B-00C04F79EFBC}") = "LibGit2Sharp", "lib\libgit2sharp\LibGit2Sharp\LibGit2Sharp.csproj", "{EE6ED99F-CB12-4683-B055-D28FC7357A34}"
EndProject
Global
	GlobalSection(TestCaseManagementSettings) = postSolution
		CategoryFile = GitTfs1.vsmdi
	EndGlobalSection
	GlobalSection(SolutionConfigurationPlatforms) = preSolution
		Debug|Any CPU = Debug|Any CPU
		Debug|Mixed Platforms = Debug|Mixed Platforms
		Debug|x86 = Debug|x86
		Release|Any CPU = Release|Any CPU
		Release|Mixed Platforms = Release|Mixed Platforms
		Release|x86 = Release|x86
		Vs11_Debug|Any CPU = Vs11_Debug|Any CPU
		Vs11_Debug|Mixed Platforms = Vs11_Debug|Mixed Platforms
		Vs11_Debug|x86 = Vs11_Debug|x86
		Vs2010_Debug|Any CPU = Vs2010_Debug|Any CPU
		Vs2010_Debug|Mixed Platforms = Vs2010_Debug|Mixed Platforms
		Vs2010_Debug|x86 = Vs2010_Debug|x86
	EndGlobalSection
	GlobalSection(ProjectConfigurationPlatforms) = postSolution
		{55C169E0-93CC-488C-9885-1D4EAF4EA236}.Debug|Any CPU.ActiveCfg = Debug|x86
		{55C169E0-93CC-488C-9885-1D4EAF4EA236}.Debug|Mixed Platforms.ActiveCfg = Debug|x86
		{55C169E0-93CC-488C-9885-1D4EAF4EA236}.Debug|Mixed Platforms.Build.0 = Debug|x86
		{55C169E0-93CC-488C-9885-1D4EAF4EA236}.Debug|x86.ActiveCfg = Debug|x86
		{55C169E0-93CC-488C-9885-1D4EAF4EA236}.Debug|x86.Build.0 = Debug|x86
		{55C169E0-93CC-488C-9885-1D4EAF4EA236}.Release|Any CPU.ActiveCfg = Release|x86
		{55C169E0-93CC-488C-9885-1D4EAF4EA236}.Release|Mixed Platforms.ActiveCfg = Release|x86
		{55C169E0-93CC-488C-9885-1D4EAF4EA236}.Release|Mixed Platforms.Build.0 = Release|x86
		{55C169E0-93CC-488C-9885-1D4EAF4EA236}.Release|x86.ActiveCfg = Release|x86
		{55C169E0-93CC-488C-9885-1D4EAF4EA236}.Release|x86.Build.0 = Release|x86
		{55C169E0-93CC-488C-9885-1D4EAF4EA236}.Vs11_Debug|Any CPU.ActiveCfg = Vs11_Debug|x86
		{55C169E0-93CC-488C-9885-1D4EAF4EA236}.Vs11_Debug|Mixed Platforms.ActiveCfg = Vs11_Debug|x86
		{55C169E0-93CC-488C-9885-1D4EAF4EA236}.Vs11_Debug|Mixed Platforms.Build.0 = Vs11_Debug|x86
		{55C169E0-93CC-488C-9885-1D4EAF4EA236}.Vs11_Debug|x86.ActiveCfg = Vs11_Debug|x86
		{55C169E0-93CC-488C-9885-1D4EAF4EA236}.Vs11_Debug|x86.Build.0 = Vs11_Debug|x86
		{55C169E0-93CC-488C-9885-1D4EAF4EA236}.Vs2010_Debug|Any CPU.ActiveCfg = Debug|x86
		{55C169E0-93CC-488C-9885-1D4EAF4EA236}.Vs2010_Debug|Mixed Platforms.ActiveCfg = Debug|x86
		{55C169E0-93CC-488C-9885-1D4EAF4EA236}.Vs2010_Debug|Mixed Platforms.Build.0 = Debug|x86
		{55C169E0-93CC-488C-9885-1D4EAF4EA236}.Vs2010_Debug|x86.ActiveCfg = Debug|x86
		{55C169E0-93CC-488C-9885-1D4EAF4EA236}.Vs2010_Debug|x86.Build.0 = Debug|x86
		{DDFB4746-2BCE-4B34-8E45-056324CF140D}.Debug|Any CPU.ActiveCfg = Debug|x86
		{DDFB4746-2BCE-4B34-8E45-056324CF140D}.Debug|Mixed Platforms.ActiveCfg = Debug|x86
		{DDFB4746-2BCE-4B34-8E45-056324CF140D}.Debug|x86.ActiveCfg = Debug|x86
		{DDFB4746-2BCE-4B34-8E45-056324CF140D}.Debug|x86.Build.0 = Debug|x86
		{DDFB4746-2BCE-4B34-8E45-056324CF140D}.Release|Any CPU.ActiveCfg = Release|x86
		{DDFB4746-2BCE-4B34-8E45-056324CF140D}.Release|Mixed Platforms.ActiveCfg = Release|x86
		{DDFB4746-2BCE-4B34-8E45-056324CF140D}.Release|x86.ActiveCfg = Release|x86
		{DDFB4746-2BCE-4B34-8E45-056324CF140D}.Release|x86.Build.0 = Release|x86
		{DDFB4746-2BCE-4B34-8E45-056324CF140D}.Vs11_Debug|Any CPU.ActiveCfg = Debug|x86
		{DDFB4746-2BCE-4B34-8E45-056324CF140D}.Vs11_Debug|Mixed Platforms.ActiveCfg = Debug|x86
		{DDFB4746-2BCE-4B34-8E45-056324CF140D}.Vs11_Debug|x86.ActiveCfg = Debug|x86
		{DDFB4746-2BCE-4B34-8E45-056324CF140D}.Vs2010_Debug|Any CPU.ActiveCfg = Debug|x86
		{DDFB4746-2BCE-4B34-8E45-056324CF140D}.Vs2010_Debug|Mixed Platforms.ActiveCfg = Debug|x86
		{DDFB4746-2BCE-4B34-8E45-056324CF140D}.Vs2010_Debug|x86.ActiveCfg = Debug|x86
		{DDFB4746-2BCE-4B34-8E45-056324CF140D}.Vs2010_Debug|x86.Build.0 = Debug|x86
		{7C7FEA7A-24A1-4834-9815-1DF980C340F3}.Debug|Any CPU.ActiveCfg = Debug|x86
		{7C7FEA7A-24A1-4834-9815-1DF980C340F3}.Debug|Mixed Platforms.ActiveCfg = Debug|x86
		{7C7FEA7A-24A1-4834-9815-1DF980C340F3}.Debug|Mixed Platforms.Build.0 = Debug|x86
		{7C7FEA7A-24A1-4834-9815-1DF980C340F3}.Debug|x86.ActiveCfg = Debug|x86
		{7C7FEA7A-24A1-4834-9815-1DF980C340F3}.Debug|x86.Build.0 = Debug|x86
		{7C7FEA7A-24A1-4834-9815-1DF980C340F3}.Release|Any CPU.ActiveCfg = Release|x86
		{7C7FEA7A-24A1-4834-9815-1DF980C340F3}.Release|Mixed Platforms.ActiveCfg = Release|x86
		{7C7FEA7A-24A1-4834-9815-1DF980C340F3}.Release|Mixed Platforms.Build.0 = Release|x86
		{7C7FEA7A-24A1-4834-9815-1DF980C340F3}.Release|x86.ActiveCfg = Release|x86
		{7C7FEA7A-24A1-4834-9815-1DF980C340F3}.Release|x86.Build.0 = Release|x86
		{7C7FEA7A-24A1-4834-9815-1DF980C340F3}.Vs11_Debug|Any CPU.ActiveCfg = Vs11_Debug|x86
		{7C7FEA7A-24A1-4834-9815-1DF980C340F3}.Vs11_Debug|Mixed Platforms.ActiveCfg = Vs11_Debug|x86
		{7C7FEA7A-24A1-4834-9815-1DF980C340F3}.Vs11_Debug|x86.ActiveCfg = Vs11_Debug|x86
		{7C7FEA7A-24A1-4834-9815-1DF980C340F3}.Vs11_Debug|x86.Build.0 = Vs11_Debug|x86
		{7C7FEA7A-24A1-4834-9815-1DF980C340F3}.Vs2010_Debug|Any CPU.ActiveCfg = Debug|x86
		{7C7FEA7A-24A1-4834-9815-1DF980C340F3}.Vs2010_Debug|Mixed Platforms.ActiveCfg = Debug|x86
		{7C7FEA7A-24A1-4834-9815-1DF980C340F3}.Vs2010_Debug|Mixed Platforms.Build.0 = Debug|x86
		{7C7FEA7A-24A1-4834-9815-1DF980C340F3}.Vs2010_Debug|x86.ActiveCfg = Debug|x86
		{7C7FEA7A-24A1-4834-9815-1DF980C340F3}.Vs2010_Debug|x86.Build.0 = Debug|x86
		{09BF8124-19A8-45BE-896B-536CA0F3F0FC}.Debug|Any CPU.ActiveCfg = Debug|x86
		{09BF8124-19A8-45BE-896B-536CA0F3F0FC}.Debug|Mixed Platforms.ActiveCfg = Debug|x86
		{09BF8124-19A8-45BE-896B-536CA0F3F0FC}.Debug|Mixed Platforms.Build.0 = Debug|x86
		{09BF8124-19A8-45BE-896B-536CA0F3F0FC}.Debug|x86.ActiveCfg = Debug|x86
		{09BF8124-19A8-45BE-896B-536CA0F3F0FC}.Debug|x86.Build.0 = Debug|x86
		{09BF8124-19A8-45BE-896B-536CA0F3F0FC}.Release|Any CPU.ActiveCfg = Release|x86
		{09BF8124-19A8-45BE-896B-536CA0F3F0FC}.Release|Mixed Platforms.ActiveCfg = Release|x86
		{09BF8124-19A8-45BE-896B-536CA0F3F0FC}.Release|Mixed Platforms.Build.0 = Release|x86
		{09BF8124-19A8-45BE-896B-536CA0F3F0FC}.Release|x86.ActiveCfg = Release|x86
		{09BF8124-19A8-45BE-896B-536CA0F3F0FC}.Release|x86.Build.0 = Release|x86
		{09BF8124-19A8-45BE-896B-536CA0F3F0FC}.Vs11_Debug|Any CPU.ActiveCfg = Vs11_Debug|x86
		{09BF8124-19A8-45BE-896B-536CA0F3F0FC}.Vs11_Debug|Mixed Platforms.ActiveCfg = Vs11_Debug|x86
		{09BF8124-19A8-45BE-896B-536CA0F3F0FC}.Vs11_Debug|x86.ActiveCfg = Vs11_Debug|x86
		{09BF8124-19A8-45BE-896B-536CA0F3F0FC}.Vs2010_Debug|Any CPU.ActiveCfg = Debug|x86
		{09BF8124-19A8-45BE-896B-536CA0F3F0FC}.Vs2010_Debug|Mixed Platforms.ActiveCfg = Debug|x86
		{09BF8124-19A8-45BE-896B-536CA0F3F0FC}.Vs2010_Debug|x86.ActiveCfg = Debug|x86
		{C5A374D3-A2E1-407C-9D6D-541FDB53BD62}.Debug|Any CPU.ActiveCfg = Debug|x86
		{C5A374D3-A2E1-407C-9D6D-541FDB53BD62}.Debug|Mixed Platforms.ActiveCfg = Debug|x86
		{C5A374D3-A2E1-407C-9D6D-541FDB53BD62}.Debug|Mixed Platforms.Build.0 = Debug|x86
		{C5A374D3-A2E1-407C-9D6D-541FDB53BD62}.Debug|x86.ActiveCfg = Debug|x86
		{C5A374D3-A2E1-407C-9D6D-541FDB53BD62}.Debug|x86.Build.0 = Debug|x86
		{C5A374D3-A2E1-407C-9D6D-541FDB53BD62}.Release|Any CPU.ActiveCfg = Release|x86
		{C5A374D3-A2E1-407C-9D6D-541FDB53BD62}.Release|Mixed Platforms.ActiveCfg = Release|x86
		{C5A374D3-A2E1-407C-9D6D-541FDB53BD62}.Release|Mixed Platforms.Build.0 = Release|x86
		{C5A374D3-A2E1-407C-9D6D-541FDB53BD62}.Release|x86.ActiveCfg = Release|x86
		{C5A374D3-A2E1-407C-9D6D-541FDB53BD62}.Release|x86.Build.0 = Release|x86
		{C5A374D3-A2E1-407C-9D6D-541FDB53BD62}.Vs11_Debug|Any CPU.ActiveCfg = Vs11_Debug|x86
		{C5A374D3-A2E1-407C-9D6D-541FDB53BD62}.Vs11_Debug|Mixed Platforms.ActiveCfg = Vs11_Debug|x86
		{C5A374D3-A2E1-407C-9D6D-541FDB53BD62}.Vs11_Debug|x86.ActiveCfg = Vs11_Debug|x86
		{C5A374D3-A2E1-407C-9D6D-541FDB53BD62}.Vs2010_Debug|Any CPU.ActiveCfg = Debug|x86
		{C5A374D3-A2E1-407C-9D6D-541FDB53BD62}.Vs2010_Debug|Mixed Platforms.ActiveCfg = Debug|x86
		{C5A374D3-A2E1-407C-9D6D-541FDB53BD62}.Vs2010_Debug|Mixed Platforms.Build.0 = Debug|x86
		{C5A374D3-A2E1-407C-9D6D-541FDB53BD62}.Vs2010_Debug|x86.ActiveCfg = Debug|x86
		{C5A374D3-A2E1-407C-9D6D-541FDB53BD62}.Vs2010_Debug|x86.Build.0 = Debug|x86
		{B2BF1C1C-BB58-4DEF-BFEF-DE0D2FE2E8F7}.Debug|Any CPU.ActiveCfg = Debug|x86
		{B2BF1C1C-BB58-4DEF-BFEF-DE0D2FE2E8F7}.Debug|Mixed Platforms.ActiveCfg = Debug|x86
		{B2BF1C1C-BB58-4DEF-BFEF-DE0D2FE2E8F7}.Debug|Mixed Platforms.Build.0 = Debug|x86
		{B2BF1C1C-BB58-4DEF-BFEF-DE0D2FE2E8F7}.Debug|x86.ActiveCfg = Debug|x86
		{B2BF1C1C-BB58-4DEF-BFEF-DE0D2FE2E8F7}.Debug|x86.Build.0 = Debug|x86
		{B2BF1C1C-BB58-4DEF-BFEF-DE0D2FE2E8F7}.Release|Any CPU.ActiveCfg = Release|x86
		{B2BF1C1C-BB58-4DEF-BFEF-DE0D2FE2E8F7}.Release|Mixed Platforms.ActiveCfg = Release|x86
		{B2BF1C1C-BB58-4DEF-BFEF-DE0D2FE2E8F7}.Release|Mixed Platforms.Build.0 = Release|x86
		{B2BF1C1C-BB58-4DEF-BFEF-DE0D2FE2E8F7}.Release|x86.ActiveCfg = Release|x86
		{B2BF1C1C-BB58-4DEF-BFEF-DE0D2FE2E8F7}.Release|x86.Build.0 = Release|x86
		{B2BF1C1C-BB58-4DEF-BFEF-DE0D2FE2E8F7}.Vs11_Debug|Any CPU.ActiveCfg = Vs11_Debug|x86
		{B2BF1C1C-BB58-4DEF-BFEF-DE0D2FE2E8F7}.Vs11_Debug|Mixed Platforms.ActiveCfg = Vs11_Debug|x86
		{B2BF1C1C-BB58-4DEF-BFEF-DE0D2FE2E8F7}.Vs11_Debug|x86.ActiveCfg = Vs11_Debug|x86
		{B2BF1C1C-BB58-4DEF-BFEF-DE0D2FE2E8F7}.Vs2010_Debug|Any CPU.ActiveCfg = Debug|x86
		{B2BF1C1C-BB58-4DEF-BFEF-DE0D2FE2E8F7}.Vs2010_Debug|Mixed Platforms.ActiveCfg = Debug|x86
		{B2BF1C1C-BB58-4DEF-BFEF-DE0D2FE2E8F7}.Vs2010_Debug|Mixed Platforms.Build.0 = Debug|x86
		{B2BF1C1C-BB58-4DEF-BFEF-DE0D2FE2E8F7}.Vs2010_Debug|x86.ActiveCfg = Debug|x86
		{B2BF1C1C-BB58-4DEF-BFEF-DE0D2FE2E8F7}.Vs2010_Debug|x86.Build.0 = Debug|x86
		{20C411E8-49C7-11E1-A776-3FE84824019B}.Debug|Any CPU.ActiveCfg = Debug|x86
		{20C411E8-49C7-11E1-A776-3FE84824019B}.Debug|Mixed Platforms.ActiveCfg = Debug|x86
		{20C411E8-49C7-11E1-A776-3FE84824019B}.Debug|Mixed Platforms.Build.0 = Debug|x86
		{20C411E8-49C7-11E1-A776-3FE84824019B}.Debug|x86.ActiveCfg = Debug|x86
		{20C411E8-49C7-11E1-A776-3FE84824019B}.Debug|x86.Build.0 = Debug|x86
		{20C411E8-49C7-11E1-A776-3FE84824019B}.Release|Any CPU.ActiveCfg = Release|x86
		{20C411E8-49C7-11E1-A776-3FE84824019B}.Release|Mixed Platforms.ActiveCfg = Release|x86
		{20C411E8-49C7-11E1-A776-3FE84824019B}.Release|Mixed Platforms.Build.0 = Release|x86
		{20C411E8-49C7-11E1-A776-3FE84824019B}.Release|x86.ActiveCfg = Release|x86
		{20C411E8-49C7-11E1-A776-3FE84824019B}.Vs11_Debug|Any CPU.ActiveCfg = Vs11_Debug|x86
		{20C411E8-49C7-11E1-A776-3FE84824019B}.Vs11_Debug|Mixed Platforms.ActiveCfg = Vs11_Debug|x86
		{20C411E8-49C7-11E1-A776-3FE84824019B}.Vs11_Debug|x86.ActiveCfg = Vs11_Debug|x86
		{20C411E8-49C7-11E1-A776-3FE84824019B}.Vs2010_Debug|Any CPU.ActiveCfg = Debug|x86
		{20C411E8-49C7-11E1-A776-3FE84824019B}.Vs2010_Debug|Mixed Platforms.ActiveCfg = Debug|x86
		{20C411E8-49C7-11E1-A776-3FE84824019B}.Vs2010_Debug|Mixed Platforms.Build.0 = Debug|x86
		{20C411E8-49C7-11E1-A776-3FE84824019B}.Vs2010_Debug|x86.ActiveCfg = Debug|x86
		{699CE23D-8BBD-4C15-82E9-7A628ACCA4C6}.Debug|Any CPU.ActiveCfg = Debug|Any CPU
		{699CE23D-8BBD-4C15-82E9-7A628ACCA4C6}.Debug|Any CPU.Build.0 = Debug|Any CPU
		{699CE23D-8BBD-4C15-82E9-7A628ACCA4C6}.Debug|Mixed Platforms.ActiveCfg = Debug|Any CPU
		{699CE23D-8BBD-4C15-82E9-7A628ACCA4C6}.Debug|Mixed Platforms.Build.0 = Debug|Any CPU
		{699CE23D-8BBD-4C15-82E9-7A628ACCA4C6}.Debug|x86.ActiveCfg = Debug|Any CPU
		{699CE23D-8BBD-4C15-82E9-7A628ACCA4C6}.Debug|x86.Build.0 = Debug|Any CPU
		{699CE23D-8BBD-4C15-82E9-7A628ACCA4C6}.Release|Any CPU.ActiveCfg = Release|Any CPU
		{699CE23D-8BBD-4C15-82E9-7A628ACCA4C6}.Release|Any CPU.Build.0 = Release|Any CPU
		{699CE23D-8BBD-4C15-82E9-7A628ACCA4C6}.Release|Mixed Platforms.ActiveCfg = Release|Any CPU
		{699CE23D-8BBD-4C15-82E9-7A628ACCA4C6}.Release|Mixed Platforms.Build.0 = Release|Any CPU
		{699CE23D-8BBD-4C15-82E9-7A628ACCA4C6}.Release|x86.ActiveCfg = Release|Any CPU
		{699CE23D-8BBD-4C15-82E9-7A628ACCA4C6}.Vs11_Debug|Any CPU.ActiveCfg = Vs11_Debug|Any CPU
		{699CE23D-8BBD-4C15-82E9-7A628ACCA4C6}.Vs11_Debug|Mixed Platforms.ActiveCfg = Vs11_Debug|Any CPU
		{699CE23D-8BBD-4C15-82E9-7A628ACCA4C6}.Vs11_Debug|Mixed Platforms.Build.0 = Vs11_Debug|Any CPU
		{699CE23D-8BBD-4C15-82E9-7A628ACCA4C6}.Vs11_Debug|x86.ActiveCfg = Vs11_Debug|Any CPU
		{699CE23D-8BBD-4C15-82E9-7A628ACCA4C6}.Vs11_Debug|x86.Build.0 = Vs11_Debug|Any CPU
		{699CE23D-8BBD-4C15-82E9-7A628ACCA4C6}.Vs2010_Debug|Any CPU.ActiveCfg = Debug|Any CPU
		{699CE23D-8BBD-4C15-82E9-7A628ACCA4C6}.Vs2010_Debug|Any CPU.Build.0 = Debug|Any CPU
		{699CE23D-8BBD-4C15-82E9-7A628ACCA4C6}.Vs2010_Debug|Mixed Platforms.ActiveCfg = Debug|Any CPU
		{699CE23D-8BBD-4C15-82E9-7A628ACCA4C6}.Vs2010_Debug|Mixed Platforms.Build.0 = Debug|Any CPU
		{699CE23D-8BBD-4C15-82E9-7A628ACCA4C6}.Vs2010_Debug|x86.ActiveCfg = Debug|Any CPU
		{EE6ED99F-CB12-4683-B055-D28FC7357A34}.Debug|Any CPU.ActiveCfg = Debug|Any CPU
		{EE6ED99F-CB12-4683-B055-D28FC7357A34}.Debug|Any CPU.Build.0 = Debug|Any CPU
		{EE6ED99F-CB12-4683-B055-D28FC7357A34}.Debug|Mixed Platforms.ActiveCfg = Debug|Any CPU
		{EE6ED99F-CB12-4683-B055-D28FC7357A34}.Debug|Mixed Platforms.Build.0 = Debug|Any CPU
		{EE6ED99F-CB12-4683-B055-D28FC7357A34}.Debug|x86.ActiveCfg = Debug|Any CPU
		{EE6ED99F-CB12-4683-B055-D28FC7357A34}.Release|Any CPU.ActiveCfg = Release|Any CPU
		{EE6ED99F-CB12-4683-B055-D28FC7357A34}.Release|Any CPU.Build.0 = Release|Any CPU
		{EE6ED99F-CB12-4683-B055-D28FC7357A34}.Release|Mixed Platforms.ActiveCfg = Release|Any CPU
		{EE6ED99F-CB12-4683-B055-D28FC7357A34}.Release|Mixed Platforms.Build.0 = Release|Any CPU
		{EE6ED99F-CB12-4683-B055-D28FC7357A34}.Release|x86.ActiveCfg = Release|Any CPU
		{EE6ED99F-CB12-4683-B055-D28FC7357A34}.Vs11_Debug|Any CPU.ActiveCfg = Debug|Any CPU
		{EE6ED99F-CB12-4683-B055-D28FC7357A34}.Vs11_Debug|Mixed Platforms.ActiveCfg = Debug|Any CPU
		{EE6ED99F-CB12-4683-B055-D28FC7357A34}.Vs11_Debug|Mixed Platforms.Build.0 = Debug|Any CPU
		{EE6ED99F-CB12-4683-B055-D28FC7357A34}.Vs11_Debug|x86.ActiveCfg = Debug|Any CPU
		{EE6ED99F-CB12-4683-B055-D28FC7357A34}.Vs2010_Debug|Any CPU.ActiveCfg = Debug|Any CPU
		{EE6ED99F-CB12-4683-B055-D28FC7357A34}.Vs2010_Debug|Any CPU.Build.0 = Debug|Any CPU
		{EE6ED99F-CB12-4683-B055-D28FC7357A34}.Vs2010_Debug|Mixed Platforms.ActiveCfg = Debug|Any CPU
		{EE6ED99F-CB12-4683-B055-D28FC7357A34}.Vs2010_Debug|Mixed Platforms.Build.0 = Debug|Any CPU
		{EE6ED99F-CB12-4683-B055-D28FC7357A34}.Vs2010_Debug|x86.ActiveCfg = Debug|Any CPU
	EndGlobalSection
	GlobalSection(SolutionProperties) = preSolution
		HideSolutionNode = FALSE
	EndGlobalSection
EndGlobal
