
Microsoft Visual Studio Solution File, Format Version 12.00
# Visual Studio 2012
Project("{2150E333-8FDC-42A3-9474-1A3956D46DE8}") = ".paket", ".paket", "{15A283E3-44EA-47DE-B1BD-B93CC8C08900}"
	ProjectSection(SolutionItems) = preProject
		paket.dependencies = paket.dependencies
	EndProjectSection
EndProject
Project("{FAE04EC0-301F-11D3-BF4B-00C04F79EFBC}") = "GitTfs", "GitTfs\GitTfs.csproj", "{55C169E0-93CC-488C-9885-1D4EAF4EA236}"
EndProject
Project("{FAE04EC0-301F-11D3-BF4B-00C04F79EFBC}") = "GitTfsTest", "GitTfsTest\GitTfsTest.csproj", "{DDFB4746-2BCE-4B34-8E45-056324CF140D}"
EndProject
Project("{FAE04EC0-301F-11D3-BF4B-00C04F79EFBC}") = "GitTfs.Vs2010", "GitTfs.Vs2010\GitTfs.Vs2010.csproj", "{C5A374D3-A2E1-407C-9D6D-541FDB53BD62}"
EndProject
Project("{FAE04EC0-301F-11D3-BF4B-00C04F79EFBC}") = "GitTfs.VsFake", "GitTfs.VsFake\GitTfs.VsFake.csproj", "{20C411E8-49C7-11E1-A776-3FE84824019B}"
EndProject
Project("{FAE04EC0-301F-11D3-BF4B-00C04F79EFBC}") = "GitTfs.Vs2012", "GitTfs.Vs2012\GitTfs.Vs2012.csproj", "{699CE23D-8BBD-4C15-82E9-7A628ACCA4C6}"
EndProject
Project("{2150E333-8FDC-42A3-9474-1A3956D46DE8}") = "doc", "doc", "{4A46FEEE-B8A2-4445-B9D1-8160520C7301}"
	ProjectSection(SolutionItems) = preProject
		doc\develop-on-mono.md = doc\develop-on-mono.md
		doc\release-notes\NEXT.md = doc\release-notes\NEXT.md
		README.md = README.md
		doc\running-the-unit-tests.md = doc\running-the-unit-tests.md
	EndProjectSection
EndProject
Project("{2150E333-8FDC-42A3-9474-1A3956D46DE8}") = "Solution Items", "Solution Items", "{CDE05FFA-9DDB-4694-8CA6-6DB7B235CD7F}"
	ProjectSection(SolutionItems) = preProject
		CI.proj = CI.proj
		Release.proj = Release.proj
		Releasing.md = Releasing.md
	EndProjectSection
EndProject
Project("{2150E333-8FDC-42A3-9474-1A3956D46DE8}") = "ChocolateyTemplates", "ChocolateyTemplates", "{AC0FE25D-D76B-4EE7-9EA8-470204451C9F}"
	ProjectSection(SolutionItems) = preProject
		ChocolateyTemplates\chocolateyInstall.ps1 = ChocolateyTemplates\chocolateyInstall.ps1
		ChocolateyTemplates\gittfs.nuspec = ChocolateyTemplates\gittfs.nuspec
	EndProjectSection
EndProject
Project("{FAE04EC0-301F-11D3-BF4B-00C04F79EFBC}") = "GitTfs.Vs2013", "GitTfs.Vs2013\GitTfs.Vs2013.csproj", "{101D3C78-27CC-446A-98EC-E2DE88BF0641}"
EndProject
Project("{FAE04EC0-301F-11D3-BF4B-00C04F79EFBC}") = "GitTfs.Vs2015", "GitTfs.Vs2015\GitTfs.Vs2015.csproj", "{A7032F30-2C86-4BAF-8F62-33EB7BA917AF}"
EndProject
Project("{FAE04EC0-301F-11D3-BF4B-00C04F79EFBC}") = "GitTfs.Setup", "GitTfs.Setup\GitTfs.Setup.csproj", "{0A4AED21-360F-40CC-8870-B4D106B34CC1}"
	ProjectSection(ProjectDependencies) = postProject
		{55C169E0-93CC-488C-9885-1D4EAF4EA236} = {55C169E0-93CC-488C-9885-1D4EAF4EA236}
	EndProjectSection
EndProject
Global
	GlobalSection(SolutionConfigurationPlatforms) = preSolution
		Debug|x86 = Debug|x86
		Release|x86 = Release|x86
	EndGlobalSection
	GlobalSection(ProjectConfigurationPlatforms) = postSolution
		{55C169E0-93CC-488C-9885-1D4EAF4EA236}.Debug|x86.ActiveCfg = Debug|x86
		{55C169E0-93CC-488C-9885-1D4EAF4EA236}.Debug|x86.Build.0 = Debug|x86
		{55C169E0-93CC-488C-9885-1D4EAF4EA236}.Release|x86.ActiveCfg = Release|x86
		{55C169E0-93CC-488C-9885-1D4EAF4EA236}.Release|x86.Build.0 = Release|x86
		{DDFB4746-2BCE-4B34-8E45-056324CF140D}.Debug|x86.ActiveCfg = Debug|x86
		{DDFB4746-2BCE-4B34-8E45-056324CF140D}.Debug|x86.Build.0 = Debug|x86
		{DDFB4746-2BCE-4B34-8E45-056324CF140D}.Release|x86.ActiveCfg = Release|x86
		{DDFB4746-2BCE-4B34-8E45-056324CF140D}.Release|x86.Build.0 = Release|x86
		{C5A374D3-A2E1-407C-9D6D-541FDB53BD62}.Debug|x86.ActiveCfg = Debug|x86
		{C5A374D3-A2E1-407C-9D6D-541FDB53BD62}.Debug|x86.Build.0 = Debug|x86
		{C5A374D3-A2E1-407C-9D6D-541FDB53BD62}.Release|x86.ActiveCfg = Release|x86
		{C5A374D3-A2E1-407C-9D6D-541FDB53BD62}.Release|x86.Build.0 = Release|x86
		{20C411E8-49C7-11E1-A776-3FE84824019B}.Debug|x86.ActiveCfg = Debug|x86
		{20C411E8-49C7-11E1-A776-3FE84824019B}.Debug|x86.Build.0 = Debug|x86
		{20C411E8-49C7-11E1-A776-3FE84824019B}.Release|x86.ActiveCfg = Release|x86
		{20C411E8-49C7-11E1-A776-3FE84824019B}.Release|x86.Build.0 = Release|x86
		{699CE23D-8BBD-4C15-82E9-7A628ACCA4C6}.Debug|x86.ActiveCfg = Debug|x86
		{699CE23D-8BBD-4C15-82E9-7A628ACCA4C6}.Debug|x86.Build.0 = Debug|x86
		{699CE23D-8BBD-4C15-82E9-7A628ACCA4C6}.Release|x86.ActiveCfg = Release|x86
		{699CE23D-8BBD-4C15-82E9-7A628ACCA4C6}.Release|x86.Build.0 = Release|x86
		{101D3C78-27CC-446A-98EC-E2DE88BF0641}.Debug|x86.ActiveCfg = Debug|x86
		{101D3C78-27CC-446A-98EC-E2DE88BF0641}.Debug|x86.Build.0 = Debug|x86
		{101D3C78-27CC-446A-98EC-E2DE88BF0641}.Release|x86.ActiveCfg = Release|x86
		{101D3C78-27CC-446A-98EC-E2DE88BF0641}.Release|x86.Build.0 = Release|x86
		{A7032F30-2C86-4BAF-8F62-33EB7BA917AF}.Debug|x86.ActiveCfg = Debug|x86
		{A7032F30-2C86-4BAF-8F62-33EB7BA917AF}.Debug|x86.Build.0 = Debug|x86
		{A7032F30-2C86-4BAF-8F62-33EB7BA917AF}.Release|x86.ActiveCfg = Release|x86
		{A7032F30-2C86-4BAF-8F62-33EB7BA917AF}.Release|x86.Build.0 = Release|x86
		{0A4AED21-360F-40CC-8870-B4D106B34CC1}.Debug|x86.ActiveCfg = Debug|x86
		{0A4AED21-360F-40CC-8870-B4D106B34CC1}.Debug|x86.Build.0 = Debug|x86
		{0A4AED21-360F-40CC-8870-B4D106B34CC1}.Release|x86.ActiveCfg = Debug|x86
	EndGlobalSection
	GlobalSection(SolutionProperties) = preSolution
		HideSolutionNode = FALSE
	EndGlobalSection
EndGlobal
