
Microsoft Visual Studio Solution File, Format Version 12.00
# Visual Studio 15
VisualStudioVersion = 15.0.28307.271
MinimumVisualStudioVersion = 10.0.40219.1
Project("{2150E333-8FDC-42A3-9474-1A3956D46DE8}") = ".paket", ".paket", "{15A283E3-44EA-47DE-B1BD-B93CC8C08900}"
	ProjectSection(SolutionItems) = preProject
		paket.dependencies = paket.dependencies
		paket.lock = paket.lock
	EndProjectSection
EndProject
Project("{9A19103F-16F7-4668-BE54-9A1E7A4F7556}") = "GitTfs", "GitTfs\GitTfs.csproj", "{55C169E0-93CC-488C-9885-1D4EAF4EA236}"
EndProject
Project("{9A19103F-16F7-4668-BE54-9A1E7A4F7556}") = "GitTfsTest", "GitTfsTest\GitTfsTest.csproj", "{DDFB4746-2BCE-4B34-8E45-056324CF140D}"
EndProject
Project("{9A19103F-16F7-4668-BE54-9A1E7A4F7556}") = "GitTfs.VsFake", "GitTfs.VsFake\GitTfs.VsFake.csproj", "{20C411E8-49C7-11E1-A776-3FE84824019B}"
EndProject
Project("{2150E333-8FDC-42A3-9474-1A3956D46DE8}") = "doc", "doc", "{4A46FEEE-B8A2-4445-B9D1-8160520C7301}"
	ProjectSection(SolutionItems) = preProject
		..\doc\release-notes\NEXT.md = ..\doc\release-notes\NEXT.md
		..\README.md = ..\README.md
		..\doc\running-the-unit-tests.md = ..\doc\running-the-unit-tests.md
	EndProjectSection
EndProject
Project("{2150E333-8FDC-42A3-9474-1A3956D46DE8}") = "Solution Items", "Solution Items", "{CDE05FFA-9DDB-4694-8CA6-6DB7B235CD7F}"
EndProject
Project("{2150E333-8FDC-42A3-9474-1A3956D46DE8}") = "ChocolateyTemplates", "ChocolateyTemplates", "{AC0FE25D-D76B-4EE7-9EA8-470204451C9F}"
	ProjectSection(SolutionItems) = preProject
		build\ChocolateyTemplates\chocolateyInstall.ps1 = build\ChocolateyTemplates\chocolateyInstall.ps1
		build\ChocolateyTemplates\gittfs.nuspec = build\ChocolateyTemplates\gittfs.nuspec
	EndProjectSection
EndProject
Project("{9A19103F-16F7-4668-BE54-9A1E7A4F7556}") = "GitTfs.Vs2015", "GitTfs.Vs2015\GitTfs.Vs2015.csproj", "{A7032F30-2C86-4BAF-8F62-33EB7BA917AF}"
EndProject
Project("{2150E333-8FDC-42A3-9474-1A3956D46DE8}") = "build", "build", "{7E25ACEF-468A-4E93-9549-8BBFC72294DF}"
	ProjectSection(SolutionItems) = preProject
		..\appveyor.yml = ..\appveyor.yml
		build.cake = build.cake
		build.ps1 = build.ps1
	EndProjectSection
EndProject
Project("{9A19103F-16F7-4668-BE54-9A1E7A4F7556}") = "NDesk.Options", "NDesk.Options\NDesk.Options.csproj", "{4B6F5E5C-188D-4EA7-B1D0-EC185546F66F}"
EndProject
Project("{9A19103F-16F7-4668-BE54-9A1E7A4F7556}") = "GitTfs.Vs2017", "GitTfs.Vs2017\GitTfs.Vs2017.csproj", "{7BEA3EC2-7111-4A5A-831F-2920C95EA356}"
EndProject
Project("{9A19103F-16F7-4668-BE54-9A1E7A4F7556}") = "GitTfs.Vs2019", "GitTfs.Vs2019\GitTfs.Vs2019.csproj", "{54B4B8B8-F06C-4D2E-B7A3-C17C3850C88B}"
EndProject
Project("{9A19103F-16F7-4668-BE54-9A1E7A4F7556}") = "GitTfs.Vs2022", "GitTfs.Vs2022\GitTfs.Vs2022.csproj", "{7853F7AB-87E8-4282-8FDE-6A138B73F9B5}"
EndProject
Global
	GlobalSection(SolutionConfigurationPlatforms) = preSolution
		Debug|AnyCPU = Debug|AnyCPU
		Release|AnyCPU = Release|AnyCPU
	EndGlobalSection
	GlobalSection(ProjectConfigurationPlatforms) = postSolution
		{55C169E0-93CC-488C-9885-1D4EAF4EA236}.Debug|AnyCPU.ActiveCfg = Debug|Any CPU
		{55C169E0-93CC-488C-9885-1D4EAF4EA236}.Debug|AnyCPU.Build.0 = Debug|Any CPU
		{55C169E0-93CC-488C-9885-1D4EAF4EA236}.Release|AnyCPU.ActiveCfg = Release|Any CPU
		{55C169E0-93CC-488C-9885-1D4EAF4EA236}.Release|AnyCPU.Build.0 = Release|Any CPU
		{DDFB4746-2BCE-4B34-8E45-056324CF140D}.Debug|AnyCPU.ActiveCfg = Debug|Any CPU
		{DDFB4746-2BCE-4B34-8E45-056324CF140D}.Debug|AnyCPU.Build.0 = Debug|Any CPU
		{DDFB4746-2BCE-4B34-8E45-056324CF140D}.Release|AnyCPU.ActiveCfg = Release|Any CPU
		{DDFB4746-2BCE-4B34-8E45-056324CF140D}.Release|AnyCPU.Build.0 = Release|Any CPU
		{20C411E8-49C7-11E1-A776-3FE84824019B}.Debug|AnyCPU.ActiveCfg = Debug|Any CPU
		{20C411E8-49C7-11E1-A776-3FE84824019B}.Debug|AnyCPU.Build.0 = Debug|Any CPU
		{20C411E8-49C7-11E1-A776-3FE84824019B}.Release|AnyCPU.ActiveCfg = Release|Any CPU
		{20C411E8-49C7-11E1-A776-3FE84824019B}.Release|AnyCPU.Build.0 = Release|Any CPU
		{A7032F30-2C86-4BAF-8F62-33EB7BA917AF}.Debug|AnyCPU.ActiveCfg = Debug|Any CPU
		{A7032F30-2C86-4BAF-8F62-33EB7BA917AF}.Debug|AnyCPU.Build.0 = Debug|Any CPU
		{A7032F30-2C86-4BAF-8F62-33EB7BA917AF}.Release|AnyCPU.ActiveCfg = Release|Any CPU
		{A7032F30-2C86-4BAF-8F62-33EB7BA917AF}.Release|AnyCPU.Build.0 = Release|Any CPU
		{4B6F5E5C-188D-4EA7-B1D0-EC185546F66F}.Debug|AnyCPU.ActiveCfg = Debug|Any CPU
		{4B6F5E5C-188D-4EA7-B1D0-EC185546F66F}.Debug|AnyCPU.Build.0 = Debug|Any CPU
		{4B6F5E5C-188D-4EA7-B1D0-EC185546F66F}.Release|AnyCPU.ActiveCfg = Release|Any CPU
		{4B6F5E5C-188D-4EA7-B1D0-EC185546F66F}.Release|AnyCPU.Build.0 = Release|Any CPU
		{7BEA3EC2-7111-4A5A-831F-2920C95EA356}.Debug|AnyCPU.ActiveCfg = Debug|Any CPU
		{7BEA3EC2-7111-4A5A-831F-2920C95EA356}.Debug|AnyCPU.Build.0 = Debug|Any CPU
		{7BEA3EC2-7111-4A5A-831F-2920C95EA356}.Release|AnyCPU.ActiveCfg = Release|Any CPU
		{7BEA3EC2-7111-4A5A-831F-2920C95EA356}.Release|AnyCPU.Build.0 = Release|Any CPU
		{54B4B8B8-F06C-4D2E-B7A3-C17C3850C88B}.Debug|AnyCPU.ActiveCfg = Debug|Any CPU
		{54B4B8B8-F06C-4D2E-B7A3-C17C3850C88B}.Debug|AnyCPU.Build.0 = Debug|Any CPU
		{54B4B8B8-F06C-4D2E-B7A3-C17C3850C88B}.Release|AnyCPU.ActiveCfg = Release|Any CPU
		{54B4B8B8-F06C-4D2E-B7A3-C17C3850C88B}.Release|AnyCPU.Build.0 = Release|Any CPU
		{7853F7AB-87E8-4282-8FDE-6A138B73F9B5}.Debug|AnyCPU.ActiveCfg = Debug|Any CPU
		{7853F7AB-87E8-4282-8FDE-6A138B73F9B5}.Debug|AnyCPU.Build.0 = Debug|Any CPU
		{7853F7AB-87E8-4282-8FDE-6A138B73F9B5}.Release|AnyCPU.ActiveCfg = Release|Any CPU
		{7853F7AB-87E8-4282-8FDE-6A138B73F9B5}.Release|AnyCPU.Build.0 = Release|Any CPU
	EndGlobalSection
	GlobalSection(SolutionProperties) = preSolution
		HideSolutionNode = FALSE
	EndGlobalSection
	GlobalSection(ExtensibilityGlobals) = postSolution
		SolutionGuid = {D260574D-8D88-442D-A97F-7CF7F02738BC}
	EndGlobalSection
EndGlobal
